PODS:
  - Flutter (1.0.0)
  - idnow (0.0.1):
    - Flutter

DEPENDENCIES:
  - Flutter (from `Flutter`)
  - idnow (from `.symlinks/plugins/idnow/ios`)

EXTERNAL SOURCES:
  Flutter:
    :path: Flutter
  idnow:
    :path: ".symlinks/plugins/idnow/ios"

SPEC CHECKSUMS:
  Flutter: e0871f40cf51350855a761d2e70bf5af5b9b5de7
  idnow: ef1754f42a50b86dac99f6c7d1462e1012d290ce

PODFILE CHECKSUM: c4c93c5f6502fe2754f48404d3594bf779584011

COCOAPODS: 1.15.2
